
Microsoft Visual Studio Solution File, Format Version 12.00
Project("{FAE04EC0-301F-11D3-BF4B-00C04F79EFBC}") = "Pathfinding", "Pathfinding\Pathfinding.csproj", "{B3D4D6F7-E830-468F-B748-E82CD85CCCEF}"
EndProject
Project("{FAE04EC0-301F-11D3-BF4B-00C04F79EFBC}") = "Tests", "Tests\Tests.csproj", "{C52DFA92-C773-48A5-942C-E7FB5B16B0F3}"
EndProject
Global
	GlobalSection(SolutionConfigurationPlatforms) = preSolution
		Debug|Any CPU = Debug|Any CPU
		Release|Any CPU = Release|Any CPU
	EndGlobalSection
	GlobalSection(ProjectConfigurationPlatforms) = postSolution
		{B3D4D6F7-E830-468F-B748-E82CD85CCCEF}.Debug|Any CPU.ActiveCfg = Debug|Any CPU
		{B3D4D6F7-E830-468F-B748-E82CD85CCCEF}.Debug|Any CPU.Build.0 = Debug|Any CPU
		{B3D4D6F7-E830-468F-B748-E82CD85CCCEF}.Release|Any CPU.ActiveCfg = Release|Any CPU
		{B3D4D6F7-E830-468F-B748-E82CD85CCCEF}.Release|Any CPU.Build.0 = Release|Any CPU
		{C52DFA92-C773-48A5-942C-E7FB5B16B0F3}.Debug|Any CPU.ActiveCfg = Debug|Any CPU
		{C52DFA92-C773-48A5-942C-E7FB5B16B0F3}.Debug|Any CPU.Build.0 = Debug|Any CPU
		{C52DFA92-C773-48A5-942C-E7FB5B16B0F3}.Release|Any CPU.ActiveCfg = Release|Any CPU
		{C52DFA92-C773-48A5-942C-E7FB5B16B0F3}.Release|Any CPU.Build.0 = Release|Any CPU
	EndGlobalSection
EndGlobal
